
Microsoft Visual Studio Solution File, Format Version 12.00
# Visual Studio Version 17
VisualStudioVersion = 17.3.32929.385
MinimumVisualStudioVersion = 10.0.40219.1
Project("{FAE04EC0-301F-11D3-BF4B-00C04F79EFBC}") = "NixUsersApplication", "NixUsersApplication.csproj", "{A6F16A9C-1A54-4158-BC9E-D27DD7CA9319}"
EndProject
Global
	GlobalSection(SolutionConfigurationPlatforms) = preSolution
		Debug|Any CPU = Debug|Any CPU
		Release|Any CPU = Release|Any CPU
	EndGlobalSection
	GlobalSection(ProjectConfigurationPlatforms) = postSolution
		{A6F16A9C-1A54-4158-BC9E-D27DD7CA9319}.Debug|Any CPU.ActiveCfg = Debug|Any CPU
		{A6F16A9C-1A54-4158-BC9E-D27DD7CA9319}.Debug|Any CPU.Build.0 = Debug|Any CPU
		{A6F16A9C-1A54-4158-BC9E-D27DD7CA9319}.Release|Any CPU.ActiveCfg = Release|Any CPU
		{A6F16A9C-1A54-4158-BC9E-D27DD7CA9319}.Release|Any CPU.Build.0 = Release|Any CPU
	EndGlobalSection
	GlobalSection(SolutionProperties) = preSolution
		HideSolutionNode = FALSE
	EndGlobalSection
	GlobalSection(ExtensibilityGlobals) = postSolution
		SolutionGuid = {1E5DF172-FF95-438A-B652-9850EE0F4B29}
	EndGlobalSection
EndGlobal
